
Microsoft Visual Studio Solution File, Format Version 12.00
# Visual Studio 15
Project("{FAE04EC0-301F-11D3-BF4B-00C04F79EFBC}") = "HomeWork02_Calc", "HomeWork02_Calc\HomeWork02_Calc.csproj", "{0F63C4DF-7302-4ADC-A613-2C699C52FE26}"
EndProject
Global
	GlobalSection(SolutionConfigurationPlatforms) = preSolution
		Debug|Any CPU = Debug|Any CPU
		Release|Any CPU = Release|Any CPU
	EndGlobalSection
	GlobalSection(ProjectConfigurationPlatforms) = postSolution
		{0F63C4DF-7302-4ADC-A613-2C699C52FE26}.Debug|Any CPU.ActiveCfg = Debug|Any CPU
		{0F63C4DF-7302-4ADC-A613-2C699C52FE26}.Debug|Any CPU.Build.0 = Debug|Any CPU
		{0F63C4DF-7302-4ADC-A613-2C699C52FE26}.Release|Any CPU.ActiveCfg = Release|Any CPU
		{0F63C4DF-7302-4ADC-A613-2C699C52FE26}.Release|Any CPU.Build.0 = Release|Any CPU
	EndGlobalSection
EndGlobal
