
Microsoft Visual Studio Solution File, Format Version 12.00
# Visual Studio 15
VisualStudioVersion = 15.0.28307.852
MinimumVisualStudioVersion = 10.0.40219.1
Project("{9A19103F-16F7-4668-BE54-9A1E7A4F7556}") = "Reminder.Storage.Core", "Reminder.Storage.Core\Reminder.Storage.Core.csproj", "{9D795CBD-86A6-4D27-BDB6-A5166CB01FEF}"
EndProject
Project("{9A19103F-16F7-4668-BE54-9A1E7A4F7556}") = "Reminder.Storage.InMemory", "Reminder.Storage.InMemory\Reminder.Storage.InMemory.csproj", "{C249F4B0-DC7F-4BBC-853B-33596CC6FBAB}"
EndProject
Project("{9A19103F-16F7-4668-BE54-9A1E7A4F7556}") = "Reminder.TestApp", "Reminder.TestApp\Reminder.TestApp.csproj", "{898B11F6-B96A-4A7B-9567-EAA66AFFF922}"
EndProject
Project("{9A19103F-16F7-4668-BE54-9A1E7A4F7556}") = "Reminder.Storage.Core.Tests", "Reminder.Storage.Core.Tests\Reminder.Storage.Core.Tests.csproj", "{3F769919-1E8C-4CAF-9358-024825C0CF04}"
EndProject
Project("{FAE04EC0-301F-11D3-BF4B-00C04F79EFBC}") = "Reminder.Domain", "ConsoleApp1\Reminder.Domain.csproj", "{1E6455C4-5465-43FA-B259-0E2368B9769B}"
EndProject
Project("{FAE04EC0-301F-11D3-BF4B-00C04F79EFBC}") = "Reminder.Domain.Tests", "Reminder.Domain.Tests\Reminder.Domain.Tests.csproj", "{85D1C361-3FB6-4607-A48E-21AC34CFB8F8}"
EndProject
Project("{FAE04EC0-301F-11D3-BF4B-00C04F79EFBC}") = "Reminder.Domain.Test.Sending", "Reminder.Domain.Test.Sending\Reminder.Domain.Test.Sending.csproj", "{4ACA81B9-F2A3-4F09-A792-AC7BD52F546A}"
EndProject
Global
	GlobalSection(SolutionConfigurationPlatforms) = preSolution
		Debug|Any CPU = Debug|Any CPU
		Release|Any CPU = Release|Any CPU
	EndGlobalSection
	GlobalSection(ProjectConfigurationPlatforms) = postSolution
		{9D795CBD-86A6-4D27-BDB6-A5166CB01FEF}.Debug|Any CPU.ActiveCfg = Debug|Any CPU
		{9D795CBD-86A6-4D27-BDB6-A5166CB01FEF}.Debug|Any CPU.Build.0 = Debug|Any CPU
		{9D795CBD-86A6-4D27-BDB6-A5166CB01FEF}.Release|Any CPU.ActiveCfg = Release|Any CPU
		{9D795CBD-86A6-4D27-BDB6-A5166CB01FEF}.Release|Any CPU.Build.0 = Release|Any CPU
		{C249F4B0-DC7F-4BBC-853B-33596CC6FBAB}.Debug|Any CPU.ActiveCfg = Debug|Any CPU
		{C249F4B0-DC7F-4BBC-853B-33596CC6FBAB}.Debug|Any CPU.Build.0 = Debug|Any CPU
		{C249F4B0-DC7F-4BBC-853B-33596CC6FBAB}.Release|Any CPU.ActiveCfg = Release|Any CPU
		{C249F4B0-DC7F-4BBC-853B-33596CC6FBAB}.Release|Any CPU.Build.0 = Release|Any CPU
		{898B11F6-B96A-4A7B-9567-EAA66AFFF922}.Debug|Any CPU.ActiveCfg = Debug|Any CPU
		{898B11F6-B96A-4A7B-9567-EAA66AFFF922}.Debug|Any CPU.Build.0 = Debug|Any CPU
		{898B11F6-B96A-4A7B-9567-EAA66AFFF922}.Release|Any CPU.ActiveCfg = Release|Any CPU
		{898B11F6-B96A-4A7B-9567-EAA66AFFF922}.Release|Any CPU.Build.0 = Release|Any CPU
		{3F769919-1E8C-4CAF-9358-024825C0CF04}.Debug|Any CPU.ActiveCfg = Debug|Any CPU
		{3F769919-1E8C-4CAF-9358-024825C0CF04}.Debug|Any CPU.Build.0 = Debug|Any CPU
		{3F769919-1E8C-4CAF-9358-024825C0CF04}.Release|Any CPU.ActiveCfg = Release|Any CPU
		{3F769919-1E8C-4CAF-9358-024825C0CF04}.Release|Any CPU.Build.0 = Release|Any CPU
		{1E6455C4-5465-43FA-B259-0E2368B9769B}.Debug|Any CPU.ActiveCfg = Debug|Any CPU
		{1E6455C4-5465-43FA-B259-0E2368B9769B}.Debug|Any CPU.Build.0 = Debug|Any CPU
		{1E6455C4-5465-43FA-B259-0E2368B9769B}.Release|Any CPU.ActiveCfg = Release|Any CPU
		{1E6455C4-5465-43FA-B259-0E2368B9769B}.Release|Any CPU.Build.0 = Release|Any CPU
		{85D1C361-3FB6-4607-A48E-21AC34CFB8F8}.Debug|Any CPU.ActiveCfg = Debug|Any CPU
		{85D1C361-3FB6-4607-A48E-21AC34CFB8F8}.Debug|Any CPU.Build.0 = Debug|Any CPU
		{85D1C361-3FB6-4607-A48E-21AC34CFB8F8}.Release|Any CPU.ActiveCfg = Release|Any CPU
		{85D1C361-3FB6-4607-A48E-21AC34CFB8F8}.Release|Any CPU.Build.0 = Release|Any CPU
		{4ACA81B9-F2A3-4F09-A792-AC7BD52F546A}.Debug|Any CPU.ActiveCfg = Debug|Any CPU
		{4ACA81B9-F2A3-4F09-A792-AC7BD52F546A}.Debug|Any CPU.Build.0 = Debug|Any CPU
		{4ACA81B9-F2A3-4F09-A792-AC7BD52F546A}.Release|Any CPU.ActiveCfg = Release|Any CPU
		{4ACA81B9-F2A3-4F09-A792-AC7BD52F546A}.Release|Any CPU.Build.0 = Release|Any CPU
	EndGlobalSection
	GlobalSection(SolutionProperties) = preSolution
		HideSolutionNode = FALSE
	EndGlobalSection
	GlobalSection(ExtensibilityGlobals) = postSolution
		SolutionGuid = {4984E63F-E24B-4591-9F8B-437ACD2A488B}
	EndGlobalSection
EndGlobal
