
Microsoft Visual Studio Solution File, Format Version 12.00
# Visual Studio 15
VisualStudioVersion = 15.0.28307.852
MinimumVisualStudioVersion = 10.0.40219.1
Project("{9A19103F-16F7-4668-BE54-9A1E7A4F7556}") = "Reminder.Storage.Core", "Reminder.Storage.Core\Reminder.Storage.Core.csproj", "{9D795CBD-86A6-4D27-BDB6-A5166CB01FEF}"
EndProject
Project("{9A19103F-16F7-4668-BE54-9A1E7A4F7556}") = "Reminder.Storage.InMemory", "Reminder.Storage.InMemory\Reminder.Storage.InMemory.csproj", "{C249F4B0-DC7F-4BBC-853B-33596CC6FBAB}"
EndProject
Project("{9A19103F-16F7-4668-BE54-9A1E7A4F7556}") = "Reminder.Storage.Core.Tests", "Reminder.Storage.Core.Tests\Reminder.Storage.Core.Tests.csproj", "{3F769919-1E8C-4CAF-9358-024825C0CF04}"
EndProject
Project("{9A19103F-16F7-4668-BE54-9A1E7A4F7556}") = "Reminder.Storage.InMemory.Tests", "Reminder.Storage.InMemory.Tests\Reminder.Storage.InMemory.Tests.csproj", "{571CD8E3-1892-490B-9642-862DC3F5C1AB}"
EndProject
Project("{9A19103F-16F7-4668-BE54-9A1E7A4F7556}") = "Reminder.Domain", "Reminder.Domain\Reminder.Domain.csproj", "{EC1A2C31-2CC9-4355-A737-40B4F4AEF363}"
EndProject
Project("{9A19103F-16F7-4668-BE54-9A1E7A4F7556}") = "Reminder.Domain.Tests", "Reminder.Domain.Tests\Reminder.Domain.Tests.csproj", "{29E4EF50-498B-4108-AEE2-91E81BBF4F67}"
EndProject
Project("{9A19103F-16F7-4668-BE54-9A1E7A4F7556}") = "Reminder.Receiver.Core", "Reminder.Receiver.Core\Reminder.Receiver.Core.csproj", "{D3752A7B-C3C9-4D57-883C-E1D55A44A0E3}"
EndProject
Project("{9A19103F-16F7-4668-BE54-9A1E7A4F7556}") = "Reminder.Sender.Core", "Reminder.Sender.Core\Reminder.Sender.Core.csproj", "{E565C0F1-EFA0-49E0-A6D5-B7928B01180A}"
EndProject
Project("{9A19103F-16F7-4668-BE54-9A1E7A4F7556}") = "Reminder.Sender.Telegram", "Reminder.Sender.Telegram\Reminder.Sender.Telegram.csproj", "{055A0597-9607-4966-9FC4-B0A8ADE67984}"
EndProject
Project("{9A19103F-16F7-4668-BE54-9A1E7A4F7556}") = "Reminder.Receiver.Telegram", "Reminder.Receiver.Telegram\Reminder.Receiver.Telegram.csproj", "{CCC2ACB5-9E18-4BA3-BA60-3A59B8D9008B}"
EndProject
Project("{9A19103F-16F7-4668-BE54-9A1E7A4F7556}") = "Reminder.Parsing", "Reminder.Parsing\Reminder.Parsing.csproj", "{16101001-0909-454D-A1B2-6C19EA8735A2}"
EndProject
Project("{FAE04EC0-301F-11D3-BF4B-00C04F79EFBC}") = "Reminder.App", "Reminder.App\Reminder.App.csproj", "{FDE216FA-7E9C-4F05-869C-19A2765A4C93}"
EndProject
Global
	GlobalSection(SolutionConfigurationPlatforms) = preSolution
		Debug|Any CPU = Debug|Any CPU
		Release|Any CPU = Release|Any CPU
	EndGlobalSection
	GlobalSection(ProjectConfigurationPlatforms) = postSolution
		{9D795CBD-86A6-4D27-BDB6-A5166CB01FEF}.Debug|Any CPU.ActiveCfg = Debug|Any CPU
		{9D795CBD-86A6-4D27-BDB6-A5166CB01FEF}.Debug|Any CPU.Build.0 = Debug|Any CPU
		{9D795CBD-86A6-4D27-BDB6-A5166CB01FEF}.Release|Any CPU.ActiveCfg = Release|Any CPU
		{9D795CBD-86A6-4D27-BDB6-A5166CB01FEF}.Release|Any CPU.Build.0 = Release|Any CPU
		{C249F4B0-DC7F-4BBC-853B-33596CC6FBAB}.Debug|Any CPU.ActiveCfg = Debug|Any CPU
		{C249F4B0-DC7F-4BBC-853B-33596CC6FBAB}.Debug|Any CPU.Build.0 = Debug|Any CPU
		{C249F4B0-DC7F-4BBC-853B-33596CC6FBAB}.Release|Any CPU.ActiveCfg = Release|Any CPU
		{C249F4B0-DC7F-4BBC-853B-33596CC6FBAB}.Release|Any CPU.Build.0 = Release|Any CPU
		{3F769919-1E8C-4CAF-9358-024825C0CF04}.Debug|Any CPU.ActiveCfg = Debug|Any CPU
		{3F769919-1E8C-4CAF-9358-024825C0CF04}.Debug|Any CPU.Build.0 = Debug|Any CPU
		{3F769919-1E8C-4CAF-9358-024825C0CF04}.Release|Any CPU.ActiveCfg = Release|Any CPU
		{3F769919-1E8C-4CAF-9358-024825C0CF04}.Release|Any CPU.Build.0 = Release|Any CPU
		{571CD8E3-1892-490B-9642-862DC3F5C1AB}.Debug|Any CPU.ActiveCfg = Debug|Any CPU
		{571CD8E3-1892-490B-9642-862DC3F5C1AB}.Debug|Any CPU.Build.0 = Debug|Any CPU
		{571CD8E3-1892-490B-9642-862DC3F5C1AB}.Release|Any CPU.ActiveCfg = Release|Any CPU
		{571CD8E3-1892-490B-9642-862DC3F5C1AB}.Release|Any CPU.Build.0 = Release|Any CPU
		{EC1A2C31-2CC9-4355-A737-40B4F4AEF363}.Debug|Any CPU.ActiveCfg = Debug|Any CPU
		{EC1A2C31-2CC9-4355-A737-40B4F4AEF363}.Debug|Any CPU.Build.0 = Debug|Any CPU
		{EC1A2C31-2CC9-4355-A737-40B4F4AEF363}.Release|Any CPU.ActiveCfg = Release|Any CPU
		{EC1A2C31-2CC9-4355-A737-40B4F4AEF363}.Release|Any CPU.Build.0 = Release|Any CPU
		{29E4EF50-498B-4108-AEE2-91E81BBF4F67}.Debug|Any CPU.ActiveCfg = Debug|Any CPU
		{29E4EF50-498B-4108-AEE2-91E81BBF4F67}.Debug|Any CPU.Build.0 = Debug|Any CPU
		{29E4EF50-498B-4108-AEE2-91E81BBF4F67}.Release|Any CPU.ActiveCfg = Release|Any CPU
		{29E4EF50-498B-4108-AEE2-91E81BBF4F67}.Release|Any CPU.Build.0 = Release|Any CPU
		{D3752A7B-C3C9-4D57-883C-E1D55A44A0E3}.Debug|Any CPU.ActiveCfg = Debug|Any CPU
		{D3752A7B-C3C9-4D57-883C-E1D55A44A0E3}.Debug|Any CPU.Build.0 = Debug|Any CPU
		{D3752A7B-C3C9-4D57-883C-E1D55A44A0E3}.Release|Any CPU.ActiveCfg = Release|Any CPU
		{D3752A7B-C3C9-4D57-883C-E1D55A44A0E3}.Release|Any CPU.Build.0 = Release|Any CPU
		{E565C0F1-EFA0-49E0-A6D5-B7928B01180A}.Debug|Any CPU.ActiveCfg = Debug|Any CPU
		{E565C0F1-EFA0-49E0-A6D5-B7928B01180A}.Debug|Any CPU.Build.0 = Debug|Any CPU
		{E565C0F1-EFA0-49E0-A6D5-B7928B01180A}.Release|Any CPU.ActiveCfg = Release|Any CPU
		{E565C0F1-EFA0-49E0-A6D5-B7928B01180A}.Release|Any CPU.Build.0 = Release|Any CPU
		{055A0597-9607-4966-9FC4-B0A8ADE67984}.Debug|Any CPU.ActiveCfg = Debug|Any CPU
		{055A0597-9607-4966-9FC4-B0A8ADE67984}.Debug|Any CPU.Build.0 = Debug|Any CPU
		{055A0597-9607-4966-9FC4-B0A8ADE67984}.Release|Any CPU.ActiveCfg = Release|Any CPU
		{055A0597-9607-4966-9FC4-B0A8ADE67984}.Release|Any CPU.Build.0 = Release|Any CPU
		{CCC2ACB5-9E18-4BA3-BA60-3A59B8D9008B}.Debug|Any CPU.ActiveCfg = Debug|Any CPU
		{CCC2ACB5-9E18-4BA3-BA60-3A59B8D9008B}.Debug|Any CPU.Build.0 = Debug|Any CPU
		{CCC2ACB5-9E18-4BA3-BA60-3A59B8D9008B}.Release|Any CPU.ActiveCfg = Release|Any CPU
		{CCC2ACB5-9E18-4BA3-BA60-3A59B8D9008B}.Release|Any CPU.Build.0 = Release|Any CPU
		{16101001-0909-454D-A1B2-6C19EA8735A2}.Debug|Any CPU.ActiveCfg = Debug|Any CPU
		{16101001-0909-454D-A1B2-6C19EA8735A2}.Debug|Any CPU.Build.0 = Debug|Any CPU
		{16101001-0909-454D-A1B2-6C19EA8735A2}.Release|Any CPU.ActiveCfg = Release|Any CPU
		{16101001-0909-454D-A1B2-6C19EA8735A2}.Release|Any CPU.Build.0 = Release|Any CPU
		{FDE216FA-7E9C-4F05-869C-19A2765A4C93}.Debug|Any CPU.ActiveCfg = Debug|Any CPU
		{FDE216FA-7E9C-4F05-869C-19A2765A4C93}.Debug|Any CPU.Build.0 = Debug|Any CPU
		{FDE216FA-7E9C-4F05-869C-19A2765A4C93}.Release|Any CPU.ActiveCfg = Release|Any CPU
		{FDE216FA-7E9C-4F05-869C-19A2765A4C93}.Release|Any CPU.Build.0 = Release|Any CPU
	EndGlobalSection
	GlobalSection(SolutionProperties) = preSolution
		HideSolutionNode = FALSE
	EndGlobalSection
	GlobalSection(ExtensibilityGlobals) = postSolution
		SolutionGuid = {4984E63F-E24B-4591-9F8B-437ACD2A488B}
	EndGlobalSection
EndGlobal
