
Microsoft Visual Studio Solution File, Format Version 12.00
# Visual Studio 15
VisualStudioVersion = 15.0.28307.705
MinimumVisualStudioVersion = 10.0.40219.1
Project("{FAE04EC0-301F-11D3-BF4B-00C04F79EFBC}") = "Lesson05ClassWorkIfElse", "Lesson05ClassWorkIfElse\Lesson05ClassWorkIfElse.csproj", "{A8670B5B-83A8-4FCD-843D-31CCE3127EC1}"
EndProject
Global
	GlobalSection(SolutionConfigurationPlatforms) = preSolution
		Debug|Any CPU = Debug|Any CPU
		Release|Any CPU = Release|Any CPU
	EndGlobalSection
	GlobalSection(ProjectConfigurationPlatforms) = postSolution
		{A8670B5B-83A8-4FCD-843D-31CCE3127EC1}.Debug|Any CPU.ActiveCfg = Debug|Any CPU
		{A8670B5B-83A8-4FCD-843D-31CCE3127EC1}.Debug|Any CPU.Build.0 = Debug|Any CPU
		{A8670B5B-83A8-4FCD-843D-31CCE3127EC1}.Release|Any CPU.ActiveCfg = Release|Any CPU
		{A8670B5B-83A8-4FCD-843D-31CCE3127EC1}.Release|Any CPU.Build.0 = Release|Any CPU
	EndGlobalSection
	GlobalSection(SolutionProperties) = preSolution
		HideSolutionNode = FALSE
	EndGlobalSection
	GlobalSection(ExtensibilityGlobals) = postSolution
		SolutionGuid = {AC796592-BDA8-4DA0-BA33-F01B5B0AFF42}
	EndGlobalSection
EndGlobal
