
Microsoft Visual Studio Solution File, Format Version 12.00
# Visual Studio 15
VisualStudioVersion = 15.0.28307.705
MinimumVisualStudioVersion = 10.0.40219.1
Project("{FAE04EC0-301F-11D3-BF4B-00C04F79EFBC}") = "ClassWork07", "ClassWork07\ClassWork07.csproj", "{D925B18C-AEAE-42B0-956C-1D99900EF74B}"
EndProject
Global
	GlobalSection(SolutionConfigurationPlatforms) = preSolution
		Debug|Any CPU = Debug|Any CPU
		Release|Any CPU = Release|Any CPU
	EndGlobalSection
	GlobalSection(ProjectConfigurationPlatforms) = postSolution
		{D925B18C-AEAE-42B0-956C-1D99900EF74B}.Debug|Any CPU.ActiveCfg = Debug|Any CPU
		{D925B18C-AEAE-42B0-956C-1D99900EF74B}.Debug|Any CPU.Build.0 = Debug|Any CPU
		{D925B18C-AEAE-42B0-956C-1D99900EF74B}.Release|Any CPU.ActiveCfg = Release|Any CPU
		{D925B18C-AEAE-42B0-956C-1D99900EF74B}.Release|Any CPU.Build.0 = Release|Any CPU
	EndGlobalSection
	GlobalSection(SolutionProperties) = preSolution
		HideSolutionNode = FALSE
	EndGlobalSection
	GlobalSection(ExtensibilityGlobals) = postSolution
		SolutionGuid = {4DB6B821-1395-4646-9DB7-EA1627CE22FE}
	EndGlobalSection
EndGlobal
