
Microsoft Visual Studio Solution File, Format Version 12.00
# Visual Studio Version 16
VisualStudioVersion = 16.0.28729.10
MinimumVisualStudioVersion = 10.0.40219.1
Project("{FAE04EC0-301F-11D3-BF4B-00C04F79EFBC}") = "NameAndAge", "NameAndAge\NameAndAge.csproj", "{6B8CF0EE-BB40-45C6-8595-77F1D0C9D0A9}"
EndProject
Global
	GlobalSection(SolutionConfigurationPlatforms) = preSolution
		Debug|Any CPU = Debug|Any CPU
		Release|Any CPU = Release|Any CPU
	EndGlobalSection
	GlobalSection(ProjectConfigurationPlatforms) = postSolution
		{6B8CF0EE-BB40-45C6-8595-77F1D0C9D0A9}.Debug|Any CPU.ActiveCfg = Debug|Any CPU
		{6B8CF0EE-BB40-45C6-8595-77F1D0C9D0A9}.Debug|Any CPU.Build.0 = Debug|Any CPU
		{6B8CF0EE-BB40-45C6-8595-77F1D0C9D0A9}.Release|Any CPU.ActiveCfg = Release|Any CPU
		{6B8CF0EE-BB40-45C6-8595-77F1D0C9D0A9}.Release|Any CPU.Build.0 = Release|Any CPU
	EndGlobalSection
	GlobalSection(SolutionProperties) = preSolution
		HideSolutionNode = FALSE
	EndGlobalSection
	GlobalSection(ExtensibilityGlobals) = postSolution
		SolutionGuid = {CBBCBCBA-38F4-43C0-A675-81A3614215B7}
	EndGlobalSection
EndGlobal
