
Microsoft Visual Studio Solution File, Format Version 12.00
# Visual Studio 15
Project("{FAE04EC0-301F-11D3-BF4B-00C04F79EFBC}") = "ColorsSecondTry", "ColorsSecondTry\ColorsSecondTry.csproj", "{9135A635-FE21-40BF-AB54-89B4ADF1DEAD}"
EndProject
Global
	GlobalSection(SolutionConfigurationPlatforms) = preSolution
		Debug|Any CPU = Debug|Any CPU
		Release|Any CPU = Release|Any CPU
	EndGlobalSection
	GlobalSection(ProjectConfigurationPlatforms) = postSolution
		{9135A635-FE21-40BF-AB54-89B4ADF1DEAD}.Debug|Any CPU.ActiveCfg = Debug|Any CPU
		{9135A635-FE21-40BF-AB54-89B4ADF1DEAD}.Debug|Any CPU.Build.0 = Debug|Any CPU
		{9135A635-FE21-40BF-AB54-89B4ADF1DEAD}.Release|Any CPU.ActiveCfg = Release|Any CPU
		{9135A635-FE21-40BF-AB54-89B4ADF1DEAD}.Release|Any CPU.Build.0 = Release|Any CPU
	EndGlobalSection
EndGlobal
